
Microsoft Visual Studio Solution File, Format Version 12.00
# Visual Studio Version 17
VisualStudioVersion = 17.12.35521.163
MinimumVisualStudioVersion = 10.0.40219.1
Project("{FAE04EC0-301F-11D3-BF4B-00C04F79EFBC}") = "BookStackAPI", "BookStackAPI\BookStackAPI.csproj", "{D627F6CA-0FF9-445D-9D51-64E8E75198D4}"
EndProject
Project("{FAE04EC0-301F-11D3-BF4B-00C04F79EFBC}") = "Varastokirjanpito_projekti", "..\Varastokirjanpito_projekti\Varastokirjanpito_projekti\Varastokirjanpito_projekti.csproj", "{A25E85DB-351B-4E90-A0A4-665A2AFA919F}"
EndProject
Project("{FAE04EC0-301F-11D3-BF4B-00C04F79EFBC}") = "SharedModels", "ClassLibrary1\SharedModels.csproj", "{C71FD45B-44C7-4689-A358-1B1E6F678C6D}"
EndProject
Global
	GlobalSection(SolutionConfigurationPlatforms) = preSolution
		Debug|Any CPU = Debug|Any CPU
		Release|Any CPU = Release|Any CPU
	EndGlobalSection
	GlobalSection(ProjectConfigurationPlatforms) = postSolution
		{D627F6CA-0FF9-445D-9D51-64E8E75198D4}.Debug|Any CPU.ActiveCfg = Debug|Any CPU
		{D627F6CA-0FF9-445D-9D51-64E8E75198D4}.Debug|Any CPU.Build.0 = Debug|Any CPU
		{D627F6CA-0FF9-445D-9D51-64E8E75198D4}.Release|Any CPU.ActiveCfg = Release|Any CPU
		{D627F6CA-0FF9-445D-9D51-64E8E75198D4}.Release|Any CPU.Build.0 = Release|Any CPU
		{A25E85DB-351B-4E90-A0A4-665A2AFA919F}.Debug|Any CPU.ActiveCfg = Debug|Any CPU
		{A25E85DB-351B-4E90-A0A4-665A2AFA919F}.Debug|Any CPU.Build.0 = Debug|Any CPU
		{A25E85DB-351B-4E90-A0A4-665A2AFA919F}.Debug|Any CPU.Deploy.0 = Debug|Any CPU
		{A25E85DB-351B-4E90-A0A4-665A2AFA919F}.Release|Any CPU.ActiveCfg = Release|Any CPU
		{A25E85DB-351B-4E90-A0A4-665A2AFA919F}.Release|Any CPU.Build.0 = Release|Any CPU
		{C71FD45B-44C7-4689-A358-1B1E6F678C6D}.Debug|Any CPU.ActiveCfg = Debug|Any CPU
		{C71FD45B-44C7-4689-A358-1B1E6F678C6D}.Debug|Any CPU.Build.0 = Debug|Any CPU
		{C71FD45B-44C7-4689-A358-1B1E6F678C6D}.Release|Any CPU.ActiveCfg = Release|Any CPU
		{C71FD45B-44C7-4689-A358-1B1E6F678C6D}.Release|Any CPU.Build.0 = Release|Any CPU
	EndGlobalSection
	GlobalSection(SolutionProperties) = preSolution
		HideSolutionNode = FALSE
	EndGlobalSection
EndGlobal
